
Microsoft Visual Studio Solution File, Format Version 12.00
# Visual Studio 15
VisualStudioVersion = 15.0.26403.7
MinimumVisualStudioVersion = 10.0.40219.1
Project("{FAE04EC0-301F-11D3-BF4B-00C04F79EFBC}") = "DataAccess", "DataAccess\DataAccess.csproj", "{C57EA77B-991A-4833-AC3B-FBDE5749CBDC}"
EndProject
Project("{FAE04EC0-301F-11D3-BF4B-00C04F79EFBC}") = "ServiceLayer", "ServiceLayer\ServiceLayer.csproj", "{F76DBE44-5D7D-46EC-B328-11E47C33F494}"
EndProject
Project("{FAE04EC0-301F-11D3-BF4B-00C04F79EFBC}") = "BusinessLayer", "BusinessLayer\BusinessLayer.csproj", "{DC89BD3A-10F3-4DB6-A7C4-218159CD07DA}"
EndProject
Project("{FAE04EC0-301F-11D3-BF4B-00C04F79EFBC}") = "iOSApp", "iOSApp\iOSApp.csproj", "{F162C50F-0915-4DF4-B478-AC501F4B1559}"
EndProject
Project("{FAE04EC0-301F-11D3-BF4B-00C04F79EFBC}") = "AndroidApp", "App1\AndroidApp.csproj", "{D3185913-2168-4AB8-B581-CA1BABB0EC77}"
EndProject
Global
	GlobalSection(SolutionConfigurationPlatforms) = preSolution
		Ad-Hoc|Any CPU = Ad-Hoc|Any CPU
		Ad-Hoc|iPhone = Ad-Hoc|iPhone
		Ad-Hoc|iPhoneSimulator = Ad-Hoc|iPhoneSimulator
		AppStore|Any CPU = AppStore|Any CPU
		AppStore|iPhone = AppStore|iPhone
		AppStore|iPhoneSimulator = AppStore|iPhoneSimulator
		Debug|Any CPU = Debug|Any CPU
		Debug|iPhone = Debug|iPhone
		Debug|iPhoneSimulator = Debug|iPhoneSimulator
		Release|Any CPU = Release|Any CPU
		Release|iPhone = Release|iPhone
		Release|iPhoneSimulator = Release|iPhoneSimulator
	EndGlobalSection
	GlobalSection(ProjectConfigurationPlatforms) = postSolution
		{C57EA77B-991A-4833-AC3B-FBDE5749CBDC}.Ad-Hoc|Any CPU.ActiveCfg = Debug|Any CPU
		{C57EA77B-991A-4833-AC3B-FBDE5749CBDC}.Ad-Hoc|Any CPU.Build.0 = Debug|Any CPU
		{C57EA77B-991A-4833-AC3B-FBDE5749CBDC}.Ad-Hoc|iPhone.ActiveCfg = Debug|Any CPU
		{C57EA77B-991A-4833-AC3B-FBDE5749CBDC}.Ad-Hoc|iPhone.Build.0 = Debug|Any CPU
		{C57EA77B-991A-4833-AC3B-FBDE5749CBDC}.Ad-Hoc|iPhoneSimulator.ActiveCfg = Debug|Any CPU
		{C57EA77B-991A-4833-AC3B-FBDE5749CBDC}.Ad-Hoc|iPhoneSimulator.Build.0 = Debug|Any CPU
		{C57EA77B-991A-4833-AC3B-FBDE5749CBDC}.AppStore|Any CPU.ActiveCfg = Debug|Any CPU
		{C57EA77B-991A-4833-AC3B-FBDE5749CBDC}.AppStore|Any CPU.Build.0 = Debug|Any CPU
		{C57EA77B-991A-4833-AC3B-FBDE5749CBDC}.AppStore|iPhone.ActiveCfg = Debug|Any CPU
		{C57EA77B-991A-4833-AC3B-FBDE5749CBDC}.AppStore|iPhone.Build.0 = Debug|Any CPU
		{C57EA77B-991A-4833-AC3B-FBDE5749CBDC}.AppStore|iPhoneSimulator.ActiveCfg = Debug|Any CPU
		{C57EA77B-991A-4833-AC3B-FBDE5749CBDC}.AppStore|iPhoneSimulator.Build.0 = Debug|Any CPU
		{C57EA77B-991A-4833-AC3B-FBDE5749CBDC}.Debug|Any CPU.ActiveCfg = Debug|Any CPU
		{C57EA77B-991A-4833-AC3B-FBDE5749CBDC}.Debug|Any CPU.Build.0 = Debug|Any CPU
		{C57EA77B-991A-4833-AC3B-FBDE5749CBDC}.Debug|iPhone.ActiveCfg = Debug|Any CPU
		{C57EA77B-991A-4833-AC3B-FBDE5749CBDC}.Debug|iPhone.Build.0 = Debug|Any CPU
		{C57EA77B-991A-4833-AC3B-FBDE5749CBDC}.Debug|iPhoneSimulator.ActiveCfg = Debug|Any CPU
		{C57EA77B-991A-4833-AC3B-FBDE5749CBDC}.Debug|iPhoneSimulator.Build.0 = Debug|Any CPU
		{C57EA77B-991A-4833-AC3B-FBDE5749CBDC}.Release|Any CPU.ActiveCfg = Release|Any CPU
		{C57EA77B-991A-4833-AC3B-FBDE5749CBDC}.Release|Any CPU.Build.0 = Release|Any CPU
		{C57EA77B-991A-4833-AC3B-FBDE5749CBDC}.Release|iPhone.ActiveCfg = Release|Any CPU
		{C57EA77B-991A-4833-AC3B-FBDE5749CBDC}.Release|iPhone.Build.0 = Release|Any CPU
		{C57EA77B-991A-4833-AC3B-FBDE5749CBDC}.Release|iPhoneSimulator.ActiveCfg = Release|Any CPU
		{C57EA77B-991A-4833-AC3B-FBDE5749CBDC}.Release|iPhoneSimulator.Build.0 = Release|Any CPU
		{F76DBE44-5D7D-46EC-B328-11E47C33F494}.Ad-Hoc|Any CPU.ActiveCfg = Debug|Any CPU
		{F76DBE44-5D7D-46EC-B328-11E47C33F494}.Ad-Hoc|Any CPU.Build.0 = Debug|Any CPU
		{F76DBE44-5D7D-46EC-B328-11E47C33F494}.Ad-Hoc|iPhone.ActiveCfg = Debug|Any CPU
		{F76DBE44-5D7D-46EC-B328-11E47C33F494}.Ad-Hoc|iPhone.Build.0 = Debug|Any CPU
		{F76DBE44-5D7D-46EC-B328-11E47C33F494}.Ad-Hoc|iPhoneSimulator.ActiveCfg = Debug|Any CPU
		{F76DBE44-5D7D-46EC-B328-11E47C33F494}.Ad-Hoc|iPhoneSimulator.Build.0 = Debug|Any CPU
		{F76DBE44-5D7D-46EC-B328-11E47C33F494}.AppStore|Any CPU.ActiveCfg = Debug|Any CPU
		{F76DBE44-5D7D-46EC-B328-11E47C33F494}.AppStore|Any CPU.Build.0 = Debug|Any CPU
		{F76DBE44-5D7D-46EC-B328-11E47C33F494}.AppStore|iPhone.ActiveCfg = Debug|Any CPU
		{F76DBE44-5D7D-46EC-B328-11E47C33F494}.AppStore|iPhone.Build.0 = Debug|Any CPU
		{F76DBE44-5D7D-46EC-B328-11E47C33F494}.AppStore|iPhoneSimulator.ActiveCfg = Debug|Any CPU
		{F76DBE44-5D7D-46EC-B328-11E47C33F494}.AppStore|iPhoneSimulator.Build.0 = Debug|Any CPU
		{F76DBE44-5D7D-46EC-B328-11E47C33F494}.Debug|Any CPU.ActiveCfg = Debug|Any CPU
		{F76DBE44-5D7D-46EC-B328-11E47C33F494}.Debug|Any CPU.Build.0 = Debug|Any CPU
		{F76DBE44-5D7D-46EC-B328-11E47C33F494}.Debug|iPhone.ActiveCfg = Debug|Any CPU
		{F76DBE44-5D7D-46EC-B328-11E47C33F494}.Debug|iPhone.Build.0 = Debug|Any CPU
		{F76DBE44-5D7D-46EC-B328-11E47C33F494}.Debug|iPhoneSimulator.ActiveCfg = Debug|Any CPU
		{F76DBE44-5D7D-46EC-B328-11E47C33F494}.Debug|iPhoneSimulator.Build.0 = Debug|Any CPU
		{F76DBE44-5D7D-46EC-B328-11E47C33F494}.Release|Any CPU.ActiveCfg = Release|Any CPU
		{F76DBE44-5D7D-46EC-B328-11E47C33F494}.Release|Any CPU.Build.0 = Release|Any CPU
		{F76DBE44-5D7D-46EC-B328-11E47C33F494}.Release|iPhone.ActiveCfg = Release|Any CPU
		{F76DBE44-5D7D-46EC-B328-11E47C33F494}.Release|iPhone.Build.0 = Release|Any CPU
		{F76DBE44-5D7D-46EC-B328-11E47C33F494}.Release|iPhoneSimulator.ActiveCfg = Release|Any CPU
		{F76DBE44-5D7D-46EC-B328-11E47C33F494}.Release|iPhoneSimulator.Build.0 = Release|Any CPU
		{DC89BD3A-10F3-4DB6-A7C4-218159CD07DA}.Ad-Hoc|Any CPU.ActiveCfg = Debug|Any CPU
		{DC89BD3A-10F3-4DB6-A7C4-218159CD07DA}.Ad-Hoc|Any CPU.Build.0 = Debug|Any CPU
		{DC89BD3A-10F3-4DB6-A7C4-218159CD07DA}.Ad-Hoc|iPhone.ActiveCfg = Debug|Any CPU
		{DC89BD3A-10F3-4DB6-A7C4-218159CD07DA}.Ad-Hoc|iPhone.Build.0 = Debug|Any CPU
		{DC89BD3A-10F3-4DB6-A7C4-218159CD07DA}.Ad-Hoc|iPhoneSimulator.ActiveCfg = Debug|Any CPU
		{DC89BD3A-10F3-4DB6-A7C4-218159CD07DA}.Ad-Hoc|iPhoneSimulator.Build.0 = Debug|Any CPU
		{DC89BD3A-10F3-4DB6-A7C4-218159CD07DA}.AppStore|Any CPU.ActiveCfg = Debug|Any CPU
		{DC89BD3A-10F3-4DB6-A7C4-218159CD07DA}.AppStore|Any CPU.Build.0 = Debug|Any CPU
		{DC89BD3A-10F3-4DB6-A7C4-218159CD07DA}.AppStore|iPhone.ActiveCfg = Debug|Any CPU
		{DC89BD3A-10F3-4DB6-A7C4-218159CD07DA}.AppStore|iPhone.Build.0 = Debug|Any CPU
		{DC89BD3A-10F3-4DB6-A7C4-218159CD07DA}.AppStore|iPhoneSimulator.ActiveCfg = Debug|Any CPU
		{DC89BD3A-10F3-4DB6-A7C4-218159CD07DA}.AppStore|iPhoneSimulator.Build.0 = Debug|Any CPU
		{DC89BD3A-10F3-4DB6-A7C4-218159CD07DA}.Debug|Any CPU.ActiveCfg = Debug|Any CPU
		{DC89BD3A-10F3-4DB6-A7C4-218159CD07DA}.Debug|Any CPU.Build.0 = Debug|Any CPU
		{DC89BD3A-10F3-4DB6-A7C4-218159CD07DA}.Debug|iPhone.ActiveCfg = Debug|Any CPU
		{DC89BD3A-10F3-4DB6-A7C4-218159CD07DA}.Debug|iPhone.Build.0 = Debug|Any CPU
		{DC89BD3A-10F3-4DB6-A7C4-218159CD07DA}.Debug|iPhoneSimulator.ActiveCfg = Debug|Any CPU
		{DC89BD3A-10F3-4DB6-A7C4-218159CD07DA}.Debug|iPhoneSimulator.Build.0 = Debug|Any CPU
		{DC89BD3A-10F3-4DB6-A7C4-218159CD07DA}.Release|Any CPU.ActiveCfg = Release|Any CPU
		{DC89BD3A-10F3-4DB6-A7C4-218159CD07DA}.Release|Any CPU.Build.0 = Release|Any CPU
		{DC89BD3A-10F3-4DB6-A7C4-218159CD07DA}.Release|iPhone.ActiveCfg = Release|Any CPU
		{DC89BD3A-10F3-4DB6-A7C4-218159CD07DA}.Release|iPhone.Build.0 = Release|Any CPU
		{DC89BD3A-10F3-4DB6-A7C4-218159CD07DA}.Release|iPhoneSimulator.ActiveCfg = Release|Any CPU
		{DC89BD3A-10F3-4DB6-A7C4-218159CD07DA}.Release|iPhoneSimulator.Build.0 = Release|Any CPU
		{F162C50F-0915-4DF4-B478-AC501F4B1559}.Ad-Hoc|Any CPU.ActiveCfg = Ad-Hoc|iPhone
		{F162C50F-0915-4DF4-B478-AC501F4B1559}.Ad-Hoc|iPhone.ActiveCfg = Ad-Hoc|iPhone
		{F162C50F-0915-4DF4-B478-AC501F4B1559}.Ad-Hoc|iPhone.Build.0 = Ad-Hoc|iPhone
		{F162C50F-0915-4DF4-B478-AC501F4B1559}.Ad-Hoc|iPhoneSimulator.ActiveCfg = Ad-Hoc|iPhoneSimulator
		{F162C50F-0915-4DF4-B478-AC501F4B1559}.Ad-Hoc|iPhoneSimulator.Build.0 = Ad-Hoc|iPhoneSimulator
		{F162C50F-0915-4DF4-B478-AC501F4B1559}.AppStore|Any CPU.ActiveCfg = AppStore|iPhone
		{F162C50F-0915-4DF4-B478-AC501F4B1559}.AppStore|iPhone.ActiveCfg = AppStore|iPhone
		{F162C50F-0915-4DF4-B478-AC501F4B1559}.AppStore|iPhone.Build.0 = AppStore|iPhone
		{F162C50F-0915-4DF4-B478-AC501F4B1559}.AppStore|iPhoneSimulator.ActiveCfg = AppStore|iPhoneSimulator
		{F162C50F-0915-4DF4-B478-AC501F4B1559}.AppStore|iPhoneSimulator.Build.0 = AppStore|iPhoneSimulator
		{F162C50F-0915-4DF4-B478-AC501F4B1559}.Debug|Any CPU.ActiveCfg = Debug|iPhone
		{F162C50F-0915-4DF4-B478-AC501F4B1559}.Debug|iPhone.ActiveCfg = Debug|iPhone
		{F162C50F-0915-4DF4-B478-AC501F4B1559}.Debug|iPhone.Build.0 = Debug|iPhone
		{F162C50F-0915-4DF4-B478-AC501F4B1559}.Debug|iPhoneSimulator.ActiveCfg = Debug|iPhoneSimulator
		{F162C50F-0915-4DF4-B478-AC501F4B1559}.Debug|iPhoneSimulator.Build.0 = Debug|iPhoneSimulator
		{F162C50F-0915-4DF4-B478-AC501F4B1559}.Release|Any CPU.ActiveCfg = Release|iPhone
		{F162C50F-0915-4DF4-B478-AC501F4B1559}.Release|iPhone.ActiveCfg = Release|iPhone
		{F162C50F-0915-4DF4-B478-AC501F4B1559}.Release|iPhone.Build.0 = Release|iPhone
		{F162C50F-0915-4DF4-B478-AC501F4B1559}.Release|iPhoneSimulator.ActiveCfg = Release|iPhoneSimulator
		{F162C50F-0915-4DF4-B478-AC501F4B1559}.Release|iPhoneSimulator.Build.0 = Release|iPhoneSimulator
		{D3185913-2168-4AB8-B581-CA1BABB0EC77}.Ad-Hoc|Any CPU.ActiveCfg = Release|Any CPU
		{D3185913-2168-4AB8-B581-CA1BABB0EC77}.Ad-Hoc|Any CPU.Build.0 = Release|Any CPU
		{D3185913-2168-4AB8-B581-CA1BABB0EC77}.Ad-Hoc|Any CPU.Deploy.0 = Release|Any CPU
		{D3185913-2168-4AB8-B581-CA1BABB0EC77}.Ad-Hoc|iPhone.ActiveCfg = Release|Any CPU
		{D3185913-2168-4AB8-B581-CA1BABB0EC77}.Ad-Hoc|iPhone.Build.0 = Release|Any CPU
		{D3185913-2168-4AB8-B581-CA1BABB0EC77}.Ad-Hoc|iPhone.Deploy.0 = Release|Any CPU
		{D3185913-2168-4AB8-B581-CA1BABB0EC77}.Ad-Hoc|iPhoneSimulator.ActiveCfg = Release|Any CPU
		{D3185913-2168-4AB8-B581-CA1BABB0EC77}.Ad-Hoc|iPhoneSimulator.Build.0 = Release|Any CPU
		{D3185913-2168-4AB8-B581-CA1BABB0EC77}.Ad-Hoc|iPhoneSimulator.Deploy.0 = Release|Any CPU
		{D3185913-2168-4AB8-B581-CA1BABB0EC77}.AppStore|Any CPU.ActiveCfg = Release|Any CPU
		{D3185913-2168-4AB8-B581-CA1BABB0EC77}.AppStore|Any CPU.Build.0 = Release|Any CPU
		{D3185913-2168-4AB8-B581-CA1BABB0EC77}.AppStore|Any CPU.Deploy.0 = Release|Any CPU
		{D3185913-2168-4AB8-B581-CA1BABB0EC77}.AppStore|iPhone.ActiveCfg = Release|Any CPU
		{D3185913-2168-4AB8-B581-CA1BABB0EC77}.AppStore|iPhone.Build.0 = Release|Any CPU
		{D3185913-2168-4AB8-B581-CA1BABB0EC77}.AppStore|iPhone.Deploy.0 = Release|Any CPU
		{D3185913-2168-4AB8-B581-CA1BABB0EC77}.AppStore|iPhoneSimulator.ActiveCfg = Release|Any CPU
		{D3185913-2168-4AB8-B581-CA1BABB0EC77}.AppStore|iPhoneSimulator.Build.0 = Release|Any CPU
		{D3185913-2168-4AB8-B581-CA1BABB0EC77}.AppStore|iPhoneSimulator.Deploy.0 = Release|Any CPU
		{D3185913-2168-4AB8-B581-CA1BABB0EC77}.Debug|Any CPU.ActiveCfg = Debug|Any CPU
		{D3185913-2168-4AB8-B581-CA1BABB0EC77}.Debug|Any CPU.Build.0 = Debug|Any CPU
		{D3185913-2168-4AB8-B581-CA1BABB0EC77}.Debug|Any CPU.Deploy.0 = Debug|Any CPU
		{D3185913-2168-4AB8-B581-CA1BABB0EC77}.Debug|iPhone.ActiveCfg = Debug|Any CPU
		{D3185913-2168-4AB8-B581-CA1BABB0EC77}.Debug|iPhone.Build.0 = Debug|Any CPU
		{D3185913-2168-4AB8-B581-CA1BABB0EC77}.Debug|iPhone.Deploy.0 = Debug|Any CPU
		{D3185913-2168-4AB8-B581-CA1BABB0EC77}.Debug|iPhoneSimulator.ActiveCfg = Debug|Any CPU
		{D3185913-2168-4AB8-B581-CA1BABB0EC77}.Debug|iPhoneSimulator.Build.0 = Debug|Any CPU
		{D3185913-2168-4AB8-B581-CA1BABB0EC77}.Debug|iPhoneSimulator.Deploy.0 = Debug|Any CPU
		{D3185913-2168-4AB8-B581-CA1BABB0EC77}.Release|Any CPU.ActiveCfg = Release|Any CPU
		{D3185913-2168-4AB8-B581-CA1BABB0EC77}.Release|Any CPU.Build.0 = Release|Any CPU
		{D3185913-2168-4AB8-B581-CA1BABB0EC77}.Release|Any CPU.Deploy.0 = Release|Any CPU
		{D3185913-2168-4AB8-B581-CA1BABB0EC77}.Release|iPhone.ActiveCfg = Release|Any CPU
		{D3185913-2168-4AB8-B581-CA1BABB0EC77}.Release|iPhone.Build.0 = Release|Any CPU
		{D3185913-2168-4AB8-B581-CA1BABB0EC77}.Release|iPhone.Deploy.0 = Release|Any CPU
		{D3185913-2168-4AB8-B581-CA1BABB0EC77}.Release|iPhoneSimulator.ActiveCfg = Release|Any CPU
		{D3185913-2168-4AB8-B581-CA1BABB0EC77}.Release|iPhoneSimulator.Build.0 = Release|Any CPU
		{D3185913-2168-4AB8-B581-CA1BABB0EC77}.Release|iPhoneSimulator.Deploy.0 = Release|Any CPU
	EndGlobalSection
	GlobalSection(SolutionProperties) = preSolution
		HideSolutionNode = FALSE
	EndGlobalSection
EndGlobal
